// !$*UTF8*$!
{
	archiveVersion = 1;
	classes = {
	};
	objectVersion = 46;
	objects = {

/* Begin PBXBuildFile section */
		EE2478E21A58D2CE003E4909 /* LICENSE in Resources */ = {isa = PBXBuildFile; fileRef = EE2478C51A58D2CE003E4909 /* LICENSE */; };
		EE2478E31A58D2CE003E4909 /* MASCompositeConstraint.m in Sources */ = {isa = PBXBuildFile; fileRef = EE2478C81A58D2CE003E4909 /* MASCompositeConstraint.m */; };
		EE2478E41A58D2CE003E4909 /* MASConstraint.m in Sources */ = {isa = PBXBuildFile; fileRef = EE2478CB1A58D2CE003E4909 /* MASConstraint.m */; };
		EE2478E51A58D2CE003E4909 /* MASConstraintMaker.m in Sources */ = {isa = PBXBuildFile; fileRef = EE2478CD1A58D2CE003E4909 /* MASConstraintMaker.m */; };
		EE2478E61A58D2CE003E4909 /* MASLayoutConstraint.m in Sources */ = {isa = PBXBuildFile; fileRef = EE2478CF1A58D2CE003E4909 /* MASLayoutConstraint.m */; };
		EE2478E71A58D2CE003E4909 /* MASViewAttribute.m in Sources */ = {isa = PBXBuildFile; fileRef = EE2478D31A58D2CE003E4909 /* MASViewAttribute.m */; };
		EE2478E81A58D2CE003E4909 /* MASViewConstraint.m in Sources */ = {isa = PBXBuildFile; fileRef = EE2478D51A58D2CE003E4909 /* MASViewConstraint.m */; };
		EE2478E91A58D2CE003E4909 /* NSArray+MASAdditions.m in Sources */ = {isa = PBXBuildFile; fileRef = EE2478D71A58D2CE003E4909 /* NSArray+MASAdditions.m */; };
		EE2478EA1A58D2CE003E4909 /* NSLayoutConstraint+MASDebugAdditions.m in Sources */ = {isa = PBXBuildFile; fileRef = EE2478DA1A58D2CE003E4909 /* NSLayoutConstraint+MASDebugAdditions.m */; };
		EE2478EB1A58D2CE003E4909 /* View+MASAdditions.m in Sources */ = {isa = PBXBuildFile; fileRef = EE2478DC1A58D2CE003E4909 /* View+MASAdditions.m */; };
		EE2478EC1A58D2CE003E4909 /* README.md in Sources */ = {isa = PBXBuildFile; fileRef = EE2478DE1A58D2CE003E4909 /* README.md */; };
		EE2F71FF1A4BBCCB003B3B9E /* data in Resources */ = {isa = PBXBuildFile; fileRef = EE2F71FE1A4BBCCB003B3B9E /* data */; };
		EE2F724D1A4D359B003B3B9E /* CoreLocation.framework in Frameworks */ = {isa = PBXBuildFile; fileRef = EE2F724C1A4D359B003B3B9E /* CoreLocation.framework */; };
		EE2F724F1A4D35A6003B3B9E /* SystemConfiguration.framework in Frameworks */ = {isa = PBXBuildFile; fileRef = EE2F724E1A4D35A6003B3B9E /* SystemConfiguration.framework */; };
		EE2F72511A4D35AE003B3B9E /* QuartzCore.framework in Frameworks */ = {isa = PBXBuildFile; fileRef = EE2F72501A4D35AE003B3B9E /* QuartzCore.framework */; };
		EE2F72531A4D35B3003B3B9E /* OpenGLES.framework in Frameworks */ = {isa = PBXBuildFile; fileRef = EE2F72521A4D35B3003B3B9E /* OpenGLES.framework */; };
		EE2F72551A4D35BF003B3B9E /* CoreGraphics.framework in Frameworks */ = {isa = PBXBuildFile; fileRef = EE2F72541A4D35BF003B3B9E /* CoreGraphics.framework */; };
		EE2F72571A4D35C4003B3B9E /* Security.framework in Frameworks */ = {isa = PBXBuildFile; fileRef = EE2F72561A4D35C4003B3B9E /* Security.framework */; };
		EE3DBE301A779EEF00495F8A /* CWMyMotionStreakView.m in Sources */ = {isa = PBXBuildFile; fileRef = EE3DBE2F1A779EEF00495F8A /* CWMyMotionStreakView.m */; };
		EE5DF2081A4BA3A300C36A1E /* main.m in Sources */ = {isa = PBXBuildFile; fileRef = EE5DF2071A4BA3A300C36A1E /* main.m */; };
		EE5DF20B1A4BA3A300C36A1E /* AppDelegate.m in Sources */ = {isa = PBXBuildFile; fileRef = EE5DF20A1A4BA3A300C36A1E /* AppDelegate.m */; };
		EE5DF20E1A4BA3A300C36A1E /* ViewController.mm in Sources */ = {isa = PBXBuildFile; fileRef = EE5DF20D1A4BA3A300C36A1E /* ViewController.mm */; };
		EE5DF2111A4BA3A300C36A1E /* Main.storyboard in Resources */ = {isa = PBXBuildFile; fileRef = EE5DF20F1A4BA3A300C36A1E /* Main.storyboard */; };
		EE5DF2131A4BA3A300C36A1E /* Images.xcassets in Resources */ = {isa = PBXBuildFile; fileRef = EE5DF2121A4BA3A300C36A1E /* Images.xcassets */; };
		EE5DF2161A4BA3A300C36A1E /* LaunchScreen.xib in Resources */ = {isa = PBXBuildFile; fileRef = EE5DF2141A4BA3A300C36A1E /* LaunchScreen.xib */; };
		EE5DF2221A4BA3A400C36A1E /* windMapTests.m in Sources */ = {isa = PBXBuildFile; fileRef = EE5DF2211A4BA3A400C36A1E /* windMapTests.m */; };
		EE9290B01A639880007E2672 /* windMap1.gif in Resources */ = {isa = PBXBuildFile; fileRef = EE9290AE1A639880007E2672 /* windMap1.gif */; };
		EE9290B11A639880007E2672 /* windMap2.gif in Resources */ = {isa = PBXBuildFile; fileRef = EE9290AF1A639880007E2672 /* windMap2.gif */; };
		EEBEE9E41A4D465F0033E882 /* NewMapCoverView.m in Sources */ = {isa = PBXBuildFile; fileRef = EEBEE9E31A4D465F0033E882 /* NewMapCoverView.m */; };
		EEDD344C1A52826E0045658E /* UIView+viewShot.m in Sources */ = {isa = PBXBuildFile; fileRef = EEDD344B1A52826E0045658E /* UIView+viewShot.m */; };
		EEEC145A1A77647E000FBF87 /* MyVector.m in Sources */ = {isa = PBXBuildFile; fileRef = EEEC14571A77647E000FBF87 /* MyVector.m */; };
		EEEC145B1A77647E000FBF87 /* WindParticle.m in Sources */ = {isa = PBXBuildFile; fileRef = EEEC14591A77647E000FBF87 /* WindParticle.m */; };
/* End PBXBuildFile section */

/* Begin PBXContainerItemProxy section */
		EE5DF21C1A4BA3A400C36A1E /* PBXContainerItemProxy */ = {
			isa = PBXContainerItemProxy;
			containerPortal = EE5DF1FA1A4BA3A300C36A1E /* Project object */;
			proxyType = 1;
			remoteGlobalIDString = EE5DF2011A4BA3A300C36A1E;
			remoteInfo = windMap;
		};
/* End PBXContainerItemProxy section */

/* Begin PBXFileReference section */
		EE2478C51A58D2CE003E4909 /* LICENSE */ = {isa = PBXFileReference; fileEncoding = 4; lastKnownFileType = text; path = LICENSE; sourceTree = "<group>"; };
		EE2478C71A58D2CE003E4909 /* MASCompositeConstraint.h */ = {isa = PBXFileReference; fileEncoding = 4; lastKnownFileType = sourcecode.c.h; path = MASCompositeConstraint.h; sourceTree = "<group>"; };
		EE2478C81A58D2CE003E4909 /* MASCompositeConstraint.m */ = {isa = PBXFileReference; fileEncoding = 4; lastKnownFileType = sourcecode.c.objc; path = MASCompositeConstraint.m; sourceTree = "<group>"; };
		EE2478C91A58D2CE003E4909 /* MASConstraint+Private.h */ = {isa = PBXFileReference; fileEncoding = 4; lastKnownFileType = sourcecode.c.h; path = "MASConstraint+Private.h"; sourceTree = "<group>"; };
		EE2478CA1A58D2CE003E4909 /* MASConstraint.h */ = {isa = PBXFileReference; fileEncoding = 4; lastKnownFileType = sourcecode.c.h; path = MASConstraint.h; sourceTree = "<group>"; };
		EE2478CB1A58D2CE003E4909 /* MASConstraint.m */ = {isa = PBXFileReference; fileEncoding = 4; lastKnownFileType = sourcecode.c.objc; path = MASConstraint.m; sourceTree = "<group>"; };
		EE2478CC1A58D2CE003E4909 /* MASConstraintMaker.h */ = {isa = PBXFileReference; fileEncoding = 4; lastKnownFileType = sourcecode.c.h; path = MASConstraintMaker.h; sourceTree = "<group>"; };
		EE2478CD1A58D2CE003E4909 /* MASConstraintMaker.m */ = {isa = PBXFileReference; fileEncoding = 4; lastKnownFileType = sourcecode.c.objc; path = MASConstraintMaker.m; sourceTree = "<group>"; };
		EE2478CE1A58D2CE003E4909 /* MASLayoutConstraint.h */ = {isa = PBXFileReference; fileEncoding = 4; lastKnownFileType = sourcecode.c.h; path = MASLayoutConstraint.h; sourceTree = "<group>"; };
		EE2478CF1A58D2CE003E4909 /* MASLayoutConstraint.m */ = {isa = PBXFileReference; fileEncoding = 4; lastKnownFileType = sourcecode.c.objc; path = MASLayoutConstraint.m; sourceTree = "<group>"; };
		EE2478D01A58D2CE003E4909 /* Masonry.h */ = {isa = PBXFileReference; fileEncoding = 4; lastKnownFileType = sourcecode.c.h; path = Masonry.h; sourceTree = "<group>"; };
		EE2478D11A58D2CE003E4909 /* MASUtilities.h */ = {isa = PBXFileReference; fileEncoding = 4; lastKnownFileType = sourcecode.c.h; path = MASUtilities.h; sourceTree = "<group>"; };
		EE2478D21A58D2CE003E4909 /* MASViewAttribute.h */ = {isa = PBXFileReference; fileEncoding = 4; lastKnownFileType = sourcecode.c.h; path = MASViewAttribute.h; sourceTree = "<group>"; };
		EE2478D31A58D2CE003E4909 /* MASViewAttribute.m */ = {isa = PBXFileReference; fileEncoding = 4; lastKnownFileType = sourcecode.c.objc; path = MASViewAttribute.m; sourceTree = "<group>"; };
		EE2478D41A58D2CE003E4909 /* MASViewConstraint.h */ = {isa = PBXFileReference; fileEncoding = 4; lastKnownFileType = sourcecode.c.h; path = MASViewConstraint.h; sourceTree = "<group>"; };
		EE2478D51A58D2CE003E4909 /* MASViewConstraint.m */ = {isa = PBXFileReference; fileEncoding = 4; lastKnownFileType = sourcecode.c.objc; path = MASViewConstraint.m; sourceTree = "<group>"; };
		EE2478D61A58D2CE003E4909 /* NSArray+MASAdditions.h */ = {isa = PBXFileReference; fileEncoding = 4; lastKnownFileType = sourcecode.c.h; path = "NSArray+MASAdditions.h"; sourceTree = "<group>"; };
		EE2478D71A58D2CE003E4909 /* NSArray+MASAdditions.m */ = {isa = PBXFileReference; fileEncoding = 4; lastKnownFileType = sourcecode.c.objc; path = "NSArray+MASAdditions.m"; sourceTree = "<group>"; };
		EE2478D81A58D2CE003E4909 /* NSArray+MASShorthandAdditions.h */ = {isa = PBXFileReference; fileEncoding = 4; lastKnownFileType = sourcecode.c.h; path = "NSArray+MASShorthandAdditions.h"; sourceTree = "<group>"; };
		EE2478D91A58D2CE003E4909 /* NSLayoutConstraint+MASDebugAdditions.h */ = {isa = PBXFileReference; fileEncoding = 4; lastKnownFileType = sourcecode.c.h; path = "NSLayoutConstraint+MASDebugAdditions.h"; sourceTree = "<group>"; };
		EE2478DA1A58D2CE003E4909 /* NSLayoutConstraint+MASDebugAdditions.m */ = {isa = PBXFileReference; fileEncoding = 4; lastKnownFileType = sourcecode.c.objc; path = "NSLayoutConstraint+MASDebugAdditions.m"; sourceTree = "<group>"; };
		EE2478DB1A58D2CE003E4909 /* View+MASAdditions.h */ = {isa = PBXFileReference; fileEncoding = 4; lastKnownFileType = sourcecode.c.h; path = "View+MASAdditions.h"; sourceTree = "<group>"; };
		EE2478DC1A58D2CE003E4909 /* View+MASAdditions.m */ = {isa = PBXFileReference; fileEncoding = 4; lastKnownFileType = sourcecode.c.objc; path = "View+MASAdditions.m"; sourceTree = "<group>"; };
		EE2478DD1A58D2CE003E4909 /* View+MASShorthandAdditions.h */ = {isa = PBXFileReference; fileEncoding = 4; lastKnownFileType = sourcecode.c.h; path = "View+MASShorthandAdditions.h"; sourceTree = "<group>"; };
		EE2478DE1A58D2CE003E4909 /* README.md */ = {isa = PBXFileReference; fileEncoding = 4; lastKnownFileType = net.daringfireball.markdown; path = README.md; sourceTree = "<group>"; };
		EE2F71FE1A4BBCCB003B3B9E /* data */ = {isa = PBXFileReference; fileEncoding = 4; lastKnownFileType = text; path = data; sourceTree = "<group>"; };
		EE2F724C1A4D359B003B3B9E /* CoreLocation.framework */ = {isa = PBXFileReference; lastKnownFileType = wrapper.framework; name = CoreLocation.framework; path = System/Library/Frameworks/CoreLocation.framework; sourceTree = SDKROOT; };
		EE2F724E1A4D35A6003B3B9E /* SystemConfiguration.framework */ = {isa = PBXFileReference; lastKnownFileType = wrapper.framework; name = SystemConfiguration.framework; path = System/Library/Frameworks/SystemConfiguration.framework; sourceTree = SDKROOT; };
		EE2F72501A4D35AE003B3B9E /* QuartzCore.framework */ = {isa = PBXFileReference; lastKnownFileType = wrapper.framework; name = QuartzCore.framework; path = System/Library/Frameworks/QuartzCore.framework; sourceTree = SDKROOT; };
		EE2F72521A4D35B3003B3B9E /* OpenGLES.framework */ = {isa = PBXFileReference; lastKnownFileType = wrapper.framework; name = OpenGLES.framework; path = System/Library/Frameworks/OpenGLES.framework; sourceTree = SDKROOT; };
		EE2F72541A4D35BF003B3B9E /* CoreGraphics.framework */ = {isa = PBXFileReference; lastKnownFileType = wrapper.framework; name = CoreGraphics.framework; path = System/Library/Frameworks/CoreGraphics.framework; sourceTree = SDKROOT; };
		EE2F72561A4D35C4003B3B9E /* Security.framework */ = {isa = PBXFileReference; lastKnownFileType = wrapper.framework; name = Security.framework; path = System/Library/Frameworks/Security.framework; sourceTree = SDKROOT; };
		EE3DBE2E1A779EEF00495F8A /* CWMyMotionStreakView.h */ = {isa = PBXFileReference; fileEncoding = 4; lastKnownFileType = sourcecode.c.h; path = CWMyMotionStreakView.h; sourceTree = "<group>"; };
		EE3DBE2F1A779EEF00495F8A /* CWMyMotionStreakView.m */ = {isa = PBXFileReference; fileEncoding = 4; lastKnownFileType = sourcecode.c.objc; path = CWMyMotionStreakView.m; sourceTree = "<group>"; };
		EE5DF2021A4BA3A300C36A1E /* windMap.app */ = {isa = PBXFileReference; explicitFileType = wrapper.application; includeInIndex = 0; path = windMap.app; sourceTree = BUILT_PRODUCTS_DIR; };
		EE5DF2061A4BA3A300C36A1E /* Info.plist */ = {isa = PBXFileReference; lastKnownFileType = text.plist.xml; path = Info.plist; sourceTree = "<group>"; };
		EE5DF2071A4BA3A300C36A1E /* main.m */ = {isa = PBXFileReference; lastKnownFileType = sourcecode.c.objc; path = main.m; sourceTree = "<group>"; };
		EE5DF2091A4BA3A300C36A1E /* AppDelegate.h */ = {isa = PBXFileReference; lastKnownFileType = sourcecode.c.h; path = AppDelegate.h; sourceTree = "<group>"; };
		EE5DF20A1A4BA3A300C36A1E /* AppDelegate.m */ = {isa = PBXFileReference; lastKnownFileType = sourcecode.c.objc; path = AppDelegate.m; sourceTree = "<group>"; };
		EE5DF20C1A4BA3A300C36A1E /* ViewController.h */ = {isa = PBXFileReference; lastKnownFileType = sourcecode.c.h; path = ViewController.h; sourceTree = "<group>"; };
		EE5DF20D1A4BA3A300C36A1E /* ViewController.mm */ = {isa = PBXFileReference; lastKnownFileType = sourcecode.cpp.objcpp; path = ViewController.mm; sourceTree = "<group>"; };
		EE5DF2101A4BA3A300C36A1E /* Base */ = {isa = PBXFileReference; lastKnownFileType = file.storyboard; name = Base; path = Base.lproj/Main.storyboard; sourceTree = "<group>"; };
		EE5DF2121A4BA3A300C36A1E /* Images.xcassets */ = {isa = PBXFileReference; lastKnownFileType = folder.assetcatalog; path = Images.xcassets; sourceTree = "<group>"; };
		EE5DF2151A4BA3A300C36A1E /* Base */ = {isa = PBXFileReference; lastKnownFileType = file.xib; name = Base; path = Base.lproj/LaunchScreen.xib; sourceTree = "<group>"; };
		EE5DF21B1A4BA3A400C36A1E /* windMapTests.xctest */ = {isa = PBXFileReference; explicitFileType = wrapper.cfbundle; includeInIndex = 0; path = windMapTests.xctest; sourceTree = BUILT_PRODUCTS_DIR; };
		EE5DF2201A4BA3A400C36A1E /* Info.plist */ = {isa = PBXFileReference; lastKnownFileType = text.plist.xml; path = Info.plist; sourceTree = "<group>"; };
		EE5DF2211A4BA3A400C36A1E /* windMapTests.m */ = {isa = PBXFileReference; lastKnownFileType = sourcecode.c.objc; path = windMapTests.m; sourceTree = "<group>"; };
		EE9290AE1A639880007E2672 /* windMap1.gif */ = {isa = PBXFileReference; lastKnownFileType = image.gif; path = windMap1.gif; sourceTree = "<group>"; };
		EE9290AF1A639880007E2672 /* windMap2.gif */ = {isa = PBXFileReference; lastKnownFileType = image.gif; path = windMap2.gif; sourceTree = "<group>"; };
		EEBEE9E21A4D465F0033E882 /* NewMapCoverView.h */ = {isa = PBXFileReference; fileEncoding = 4; lastKnownFileType = sourcecode.c.h; path = NewMapCoverView.h; sourceTree = "<group>"; };
		EEBEE9E31A4D465F0033E882 /* NewMapCoverView.m */ = {isa = PBXFileReference; fileEncoding = 4; lastKnownFileType = sourcecode.c.objc; path = NewMapCoverView.m; sourceTree = "<group>"; };
		EEDD344A1A52826E0045658E /* UIView+viewShot.h */ = {isa = PBXFileReference; fileEncoding = 4; lastKnownFileType = sourcecode.c.h; path = "UIView+viewShot.h"; sourceTree = "<group>"; };
		EEDD344B1A52826E0045658E /* UIView+viewShot.m */ = {isa = PBXFileReference; fileEncoding = 4; lastKnownFileType = sourcecode.c.objc; path = "UIView+viewShot.m"; sourceTree = "<group>"; };
		EEEC14561A77647E000FBF87 /* MyVector.h */ = {isa = PBXFileReference; fileEncoding = 4; lastKnownFileType = sourcecode.c.h; path = MyVector.h; sourceTree = "<group>"; };
		EEEC14571A77647E000FBF87 /* MyVector.m */ = {isa = PBXFileReference; fileEncoding = 4; lastKnownFileType = sourcecode.c.objc; path = MyVector.m; sourceTree = "<group>"; };
		EEEC14581A77647E000FBF87 /* WindParticle.h */ = {isa = PBXFileReference; fileEncoding = 4; lastKnownFileType = sourcecode.c.h; path = WindParticle.h; sourceTree = "<group>"; };
		EEEC14591A77647E000FBF87 /* WindParticle.m */ = {isa = PBXFileReference; fileEncoding = 4; lastKnownFileType = sourcecode.c.objc; path = WindParticle.m; sourceTree = "<group>"; };
/* End PBXFileReference section */

/* Begin PBXFrameworksBuildPhase section */
		EE5DF1FF1A4BA3A300C36A1E /* Frameworks */ = {
			isa = PBXFrameworksBuildPhase;
			buildActionMask = 2147483647;
			files = (
				EE2F72571A4D35C4003B3B9E /* Security.framework in Frameworks */,
				EE2F72551A4D35BF003B3B9E /* CoreGraphics.framework in Frameworks */,
				EE2F72531A4D35B3003B3B9E /* OpenGLES.framework in Frameworks */,
				EE2F72511A4D35AE003B3B9E /* QuartzCore.framework in Frameworks */,
				EE2F724F1A4D35A6003B3B9E /* SystemConfiguration.framework in Frameworks */,
				EE2F724D1A4D359B003B3B9E /* CoreLocation.framework in Frameworks */,
			);
			runOnlyForDeploymentPostprocessing = 0;
		};
		EE5DF2181A4BA3A400C36A1E /* Frameworks */ = {
			isa = PBXFrameworksBuildPhase;
			buildActionMask = 2147483647;
			files = (
			);
			runOnlyForDeploymentPostprocessing = 0;
		};
/* End PBXFrameworksBuildPhase section */

/* Begin PBXGroup section */
		EE24787F1A58D271003E4909 /* frameworks */ = {
			isa = PBXGroup;
			children = (
				EE2F72561A4D35C4003B3B9E /* Security.framework */,
				EE2F72541A4D35BF003B3B9E /* CoreGraphics.framework */,
				EE2F72521A4D35B3003B3B9E /* OpenGLES.framework */,
				EE2F72501A4D35AE003B3B9E /* QuartzCore.framework */,
				EE2F724E1A4D35A6003B3B9E /* SystemConfiguration.framework */,
				EE2F724C1A4D359B003B3B9E /* CoreLocation.framework */,
			);
			path = frameworks;
			sourceTree = "<group>";
		};
		EE2478801A58D299003E4909 /* ThirdLibs */ = {
			isa = PBXGroup;
			children = (
				EE2478C41A58D2CE003E4909 /* Masonry */,
			);
			path = ThirdLibs;
			sourceTree = "<group>";
		};
		EE2478C41A58D2CE003E4909 /* Masonry */ = {
			isa = PBXGroup;
			children = (
				EE2478C51A58D2CE003E4909 /* LICENSE */,
				EE2478C61A58D2CE003E4909 /* Masonry */,
				EE2478DE1A58D2CE003E4909 /* README.md */,
			);
			path = Masonry;
			sourceTree = "<group>";
		};
		EE2478C61A58D2CE003E4909 /* Masonry */ = {
			isa = PBXGroup;
			children = (
				EE2478C71A58D2CE003E4909 /* MASCompositeConstraint.h */,
				EE2478C81A58D2CE003E4909 /* MASCompositeConstraint.m */,
				EE2478C91A58D2CE003E4909 /* MASConstraint+Private.h */,
				EE2478CA1A58D2CE003E4909 /* MASConstraint.h */,
				EE2478CB1A58D2CE003E4909 /* MASConstraint.m */,
				EE2478CC1A58D2CE003E4909 /* MASConstraintMaker.h */,
				EE2478CD1A58D2CE003E4909 /* MASConstraintMaker.m */,
				EE2478CE1A58D2CE003E4909 /* MASLayoutConstraint.h */,
				EE2478CF1A58D2CE003E4909 /* MASLayoutConstraint.m */,
				EE2478D01A58D2CE003E4909 /* Masonry.h */,
				EE2478D11A58D2CE003E4909 /* MASUtilities.h */,
				EE2478D21A58D2CE003E4909 /* MASViewAttribute.h */,
				EE2478D31A58D2CE003E4909 /* MASViewAttribute.m */,
				EE2478D41A58D2CE003E4909 /* MASViewConstraint.h */,
				EE2478D51A58D2CE003E4909 /* MASViewConstraint.m */,
				EE2478D61A58D2CE003E4909 /* NSArray+MASAdditions.h */,
				EE2478D71A58D2CE003E4909 /* NSArray+MASAdditions.m */,
				EE2478D81A58D2CE003E4909 /* NSArray+MASShorthandAdditions.h */,
				EE2478D91A58D2CE003E4909 /* NSLayoutConstraint+MASDebugAdditions.h */,
				EE2478DA1A58D2CE003E4909 /* NSLayoutConstraint+MASDebugAdditions.m */,
				EE2478DB1A58D2CE003E4909 /* View+MASAdditions.h */,
				EE2478DC1A58D2CE003E4909 /* View+MASAdditions.m */,
				EE2478DD1A58D2CE003E4909 /* View+MASShorthandAdditions.h */,
			);
			path = Masonry;
			sourceTree = "<group>";
		};
		EE5DF1F91A4BA3A300C36A1E = {
			isa = PBXGroup;
			children = (
				EE9290AE1A639880007E2672 /* windMap1.gif */,
				EE9290AF1A639880007E2672 /* windMap2.gif */,
				EE2478801A58D299003E4909 /* ThirdLibs */,
				EE24787F1A58D271003E4909 /* frameworks */,
				EE5DF2041A4BA3A300C36A1E /* windMap */,
				EE5DF21E1A4BA3A400C36A1E /* windMapTests */,
				EE5DF2031A4BA3A300C36A1E /* Products */,
			);
			sourceTree = "<group>";
		};
		EE5DF2031A4BA3A300C36A1E /* Products */ = {
			isa = PBXGroup;
			children = (
				EE5DF2021A4BA3A300C36A1E /* windMap.app */,
				EE5DF21B1A4BA3A400C36A1E /* windMapTests.xctest */,
			);
			name = Products;
			sourceTree = "<group>";
		};
		EE5DF2041A4BA3A300C36A1E /* windMap */ = {
			isa = PBXGroup;
			children = (
				EE3DBE2E1A779EEF00495F8A /* CWMyMotionStreakView.h */,
				EE3DBE2F1A779EEF00495F8A /* CWMyMotionStreakView.m */,
				EEEC14561A77647E000FBF87 /* MyVector.h */,
				EEEC14571A77647E000FBF87 /* MyVector.m */,
				EEEC14581A77647E000FBF87 /* WindParticle.h */,
				EEEC14591A77647E000FBF87 /* WindParticle.m */,
				EE5DF2091A4BA3A300C36A1E /* AppDelegate.h */,
				EE5DF20A1A4BA3A300C36A1E /* AppDelegate.m */,
				EE5DF20C1A4BA3A300C36A1E /* ViewController.h */,
				EE5DF20D1A4BA3A300C36A1E /* ViewController.mm */,
				EE5DF20F1A4BA3A300C36A1E /* Main.storyboard */,
				EE5DF2121A4BA3A300C36A1E /* Images.xcassets */,
				EE5DF2141A4BA3A300C36A1E /* LaunchScreen.xib */,
				EE5DF2051A4BA3A300C36A1E /* Supporting Files */,
				EE2F71FE1A4BBCCB003B3B9E /* data */,
				EEBEE9E21A4D465F0033E882 /* NewMapCoverView.h */,
				EEBEE9E31A4D465F0033E882 /* NewMapCoverView.m */,
				EEDD344A1A52826E0045658E /* UIView+viewShot.h */,
				EEDD344B1A52826E0045658E /* UIView+viewShot.m */,
			);
			path = windMap;
			sourceTree = "<group>";
		};
		EE5DF2051A4BA3A300C36A1E /* Supporting Files */ = {
			isa = PBXGroup;
			children = (
				EE5DF2061A4BA3A300C36A1E /* Info.plist */,
				EE5DF2071A4BA3A300C36A1E /* main.m */,
			);
			name = "Supporting Files";
			sourceTree = "<group>";
		};
		EE5DF21E1A4BA3A400C36A1E /* windMapTests */ = {
			isa = PBXGroup;
			children = (
				EE5DF2211A4BA3A400C36A1E /* windMapTests.m */,
				EE5DF21F1A4BA3A400C36A1E /* Supporting Files */,
			);
			path = windMapTests;
			sourceTree = "<group>";
		};
		EE5DF21F1A4BA3A400C36A1E /* Supporting Files */ = {
			isa = PBXGroup;
			children = (
				EE5DF2201A4BA3A400C36A1E /* Info.plist */,
			);
			name = "Supporting Files";
			sourceTree = "<group>";
		};
/* End PBXGroup section */

/* Begin PBXNativeTarget section */
		EE5DF2011A4BA3A300C36A1E /* windMap */ = {
			isa = PBXNativeTarget;
			buildConfigurationList = EE5DF2251A4BA3A400C36A1E /* Build configuration list for PBXNativeTarget "windMap" */;
			buildPhases = (
				EE5DF1FE1A4BA3A300C36A1E /* Sources */,
				EE5DF1FF1A4BA3A300C36A1E /* Frameworks */,
				EE5DF2001A4BA3A300C36A1E /* Resources */,
			);
			buildRules = (
			);
			dependencies = (
			);
			name = windMap;
			productName = windMap;
			productReference = EE5DF2021A4BA3A300C36A1E /* windMap.app */;
			productType = "com.apple.product-type.application";
		};
		EE5DF21A1A4BA3A400C36A1E /* windMapTests */ = {
			isa = PBXNativeTarget;
			buildConfigurationList = EE5DF2281A4BA3A400C36A1E /* Build configuration list for PBXNativeTarget "windMapTests" */;
			buildPhases = (
				EE5DF2171A4BA3A400C36A1E /* Sources */,
				EE5DF2181A4BA3A400C36A1E /* Frameworks */,
				EE5DF2191A4BA3A400C36A1E /* Resources */,
			);
			buildRules = (
			);
			dependencies = (
				EE5DF21D1A4BA3A400C36A1E /* PBXTargetDependency */,
			);
			name = windMapTests;
			productName = windMapTests;
			productReference = EE5DF21B1A4BA3A400C36A1E /* windMapTests.xctest */;
			productType = "com.apple.product-type.bundle.unit-test";
		};
/* End PBXNativeTarget section */

/* Begin PBXProject section */
		EE5DF1FA1A4BA3A300C36A1E /* Project object */ = {
			isa = PBXProject;
			attributes = {
				LastUpgradeCheck = 0610;
				ORGANIZATIONNAME = weather;
				TargetAttributes = {
					EE5DF2011A4BA3A300C36A1E = {
						CreatedOnToolsVersion = 6.1.1;
					};
					EE5DF21A1A4BA3A400C36A1E = {
						CreatedOnToolsVersion = 6.1.1;
						TestTargetID = EE5DF2011A4BA3A300C36A1E;
					};
				};
			};
			buildConfigurationList = EE5DF1FD1A4BA3A300C36A1E /* Build configuration list for PBXProject "windMap" */;
			compatibilityVersion = "Xcode 3.2";
			developmentRegion = English;
			hasScannedForEncodings = 0;
			knownRegions = (
				en,
				Base,
			);
			mainGroup = EE5DF1F91A4BA3A300C36A1E;
			productRefGroup = EE5DF2031A4BA3A300C36A1E /* Products */;
			projectDirPath = "";
			projectRoot = "";
			targets = (
				EE5DF2011A4BA3A300C36A1E /* windMap */,
				EE5DF21A1A4BA3A400C36A1E /* windMapTests */,
			);
		};
/* End PBXProject section */

/* Begin PBXResourcesBuildPhase section */
		EE5DF2001A4BA3A300C36A1E /* Resources */ = {
			isa = PBXResourcesBuildPhase;
			buildActionMask = 2147483647;
			files = (
				EE9290B11A639880007E2672 /* windMap2.gif in Resources */,
				EE9290B01A639880007E2672 /* windMap1.gif in Resources */,
				EE5DF2111A4BA3A300C36A1E /* Main.storyboard in Resources */,
				EE2478E21A58D2CE003E4909 /* LICENSE in Resources */,
				EE5DF2161A4BA3A300C36A1E /* LaunchScreen.xib in Resources */,
				EE5DF2131A4BA3A300C36A1E /* Images.xcassets in Resources */,
				EE2F71FF1A4BBCCB003B3B9E /* data in Resources */,
			);
			runOnlyForDeploymentPostprocessing = 0;
		};
		EE5DF2191A4BA3A400C36A1E /* Resources */ = {
			isa = PBXResourcesBuildPhase;
			buildActionMask = 2147483647;
			files = (
			);
			runOnlyForDeploymentPostprocessing = 0;
		};
/* End PBXResourcesBuildPhase section */

/* Begin PBXSourcesBuildPhase section */
		EE5DF1FE1A4BA3A300C36A1E /* Sources */ = {
			isa = PBXSourcesBuildPhase;
			buildActionMask = 2147483647;
			files = (
				EEBEE9E41A4D465F0033E882 /* NewMapCoverView.m in Sources */,
				EEEC145B1A77647E000FBF87 /* WindParticle.m in Sources */,
				EE3DBE301A779EEF00495F8A /* CWMyMotionStreakView.m in Sources */,
				EE2478E91A58D2CE003E4909 /* NSArray+MASAdditions.m in Sources */,
				EE5DF20E1A4BA3A300C36A1E /* ViewController.mm in Sources */,
				EE2478EB1A58D2CE003E4909 /* View+MASAdditions.m in Sources */,
				EE2478EC1A58D2CE003E4909 /* README.md in Sources */,
				EE2478E61A58D2CE003E4909 /* MASLayoutConstraint.m in Sources */,
				EE2478E41A58D2CE003E4909 /* MASConstraint.m in Sources */,
				EE2478EA1A58D2CE003E4909 /* NSLayoutConstraint+MASDebugAdditions.m in Sources */,
				EE2478E31A58D2CE003E4909 /* MASCompositeConstraint.m in Sources */,
				EE5DF20B1A4BA3A300C36A1E /* AppDelegate.m in Sources */,
				EEDD344C1A52826E0045658E /* UIView+viewShot.m in Sources */,
				EE5DF2081A4BA3A300C36A1E /* main.m in Sources */,
				EE2478E51A58D2CE003E4909 /* MASConstraintMaker.m in Sources */,
				EE2478E81A58D2CE003E4909 /* MASViewConstraint.m in Sources */,
				EEEC145A1A77647E000FBF87 /* MyVector.m in Sources */,
				EE2478E71A58D2CE003E4909 /* MASViewAttribute.m in Sources */,
			);
			runOnlyForDeploymentPostprocessing = 0;
		};
		EE5DF2171A4BA3A400C36A1E /* Sources */ = {
			isa = PBXSourcesBuildPhase;
			buildActionMask = 2147483647;
			files = (
				EE5DF2221A4BA3A400C36A1E /* windMapTests.m in Sources */,
			);
			runOnlyForDeploymentPostprocessing = 0;
		};
/* End PBXSourcesBuildPhase section */

/* Begin PBXTargetDependency section */
		EE5DF21D1A4BA3A400C36A1E /* PBXTargetDependency */ = {
			isa = PBXTargetDependency;
			target = EE5DF2011A4BA3A300C36A1E /* windMap */;
			targetProxy = EE5DF21C1A4BA3A400C36A1E /* PBXContainerItemProxy */;
		};
/* End PBXTargetDependency section */

/* Begin PBXVariantGroup section */
		EE5DF20F1A4BA3A300C36A1E /* Main.storyboard */ = {
			isa = PBXVariantGroup;
			children = (
				EE5DF2101A4BA3A300C36A1E /* Base */,
			);
			name = Main.storyboard;
			sourceTree = "<group>";
		};
		EE5DF2141A4BA3A300C36A1E /* LaunchScreen.xib */ = {
			isa = PBXVariantGroup;
			children = (
				EE5DF2151A4BA3A300C36A1E /* Base */,
			);
			name = LaunchScreen.xib;
			sourceTree = "<group>";
		};
/* End PBXVariantGroup section */

/* Begin XCBuildConfiguration section */
		EE5DF2231A4BA3A400C36A1E /* Debug */ = {
			isa = XCBuildConfiguration;
			buildSettings = {
				ALWAYS_SEARCH_USER_PATHS = NO;
				CLANG_CXX_LANGUAGE_STANDARD = "gnu++0x";
				CLANG_CXX_LIBRARY = "libc++";
				CLANG_ENABLE_MODULES = YES;
				CLANG_ENABLE_OBJC_ARC = YES;
				CLANG_WARN_BOOL_CONVERSION = YES;
				CLANG_WARN_CONSTANT_CONVERSION = YES;
				CLANG_WARN_DIRECT_OBJC_ISA_USAGE = YES_ERROR;
				CLANG_WARN_EMPTY_BODY = YES;
				CLANG_WARN_ENUM_CONVERSION = YES;
				CLANG_WARN_INT_CONVERSION = YES;
				CLANG_WARN_OBJC_ROOT_CLASS = YES_ERROR;
				CLANG_WARN_UNREACHABLE_CODE = YES;
				CLANG_WARN__DUPLICATE_METHOD_MATCH = YES;
				"CODE_SIGN_IDENTITY[sdk=iphoneos*]" = "iPhone Developer";
				COPY_PHASE_STRIP = NO;
				ENABLE_STRICT_OBJC_MSGSEND = YES;
				GCC_C_LANGUAGE_STANDARD = gnu99;
				GCC_DYNAMIC_NO_PIC = NO;
				GCC_OPTIMIZATION_LEVEL = 0;
				GCC_PREPROCESSOR_DEFINITIONS = (
					"DEBUG=1",
					"$(inherited)",
				);
				GCC_SYMBOLS_PRIVATE_EXTERN = NO;
				GCC_WARN_64_TO_32_BIT_CONVERSION = YES;
				GCC_WARN_ABOUT_RETURN_TYPE = YES_ERROR;
				GCC_WARN_UNDECLARED_SELECTOR = YES;
				GCC_WARN_UNINITIALIZED_AUTOS = YES_AGGRESSIVE;
				GCC_WARN_UNUSED_FUNCTION = YES;
				GCC_WARN_UNUSED_VARIABLE = YES;
				IPHONEOS_DEPLOYMENT_TARGET = 8.1;
				MTL_ENABLE_DEBUG_INFO = YES;
				ONLY_ACTIVE_ARCH = YES;
				SDKROOT = iphoneos;
			};
			name = Debug;
		};
		EE5DF2241A4BA3A400C36A1E /* Release */ = {
			isa = XCBuildConfiguration;
			buildSettings = {
				ALWAYS_SEARCH_USER_PATHS = NO;
				CLANG_CXX_LANGUAGE_STANDARD = "gnu++0x";
				CLANG_CXX_LIBRARY = "libc++";
				CLANG_ENABLE_MODULES = YES;
				CLANG_ENABLE_OBJC_ARC = YES;
				CLANG_WARN_BOOL_CONVERSION = YES;
				CLANG_WARN_CONSTANT_CONVERSION = YES;
				CLANG_WARN_DIRECT_OBJC_ISA_USAGE = YES_ERROR;
				CLANG_WARN_EMPTY_BODY = YES;
				CLANG_WARN_ENUM_CONVERSION = YES;
				CLANG_WARN_INT_CONVERSION = YES;
				CLANG_WARN_OBJC_ROOT_CLASS = YES_ERROR;
				CLANG_WARN_UNREACHABLE_CODE = YES;
				CLANG_WARN__DUPLICATE_METHOD_MATCH = YES;
				"CODE_SIGN_IDENTITY[sdk=iphoneos*]" = "iPhone Developer";
				COPY_PHASE_STRIP = YES;
				ENABLE_NS_ASSERTIONS = NO;
				ENABLE_STRICT_OBJC_MSGSEND = YES;
				GCC_C_LANGUAGE_STANDARD = gnu99;
				GCC_WARN_64_TO_32_BIT_CONVERSION = YES;
				GCC_WARN_ABOUT_RETURN_TYPE = YES_ERROR;
				GCC_WARN_UNDECLARED_SELECTOR = YES;
				GCC_WARN_UNINITIALIZED_AUTOS = YES_AGGRESSIVE;
				GCC_WARN_UNUSED_FUNCTION = YES;
				GCC_WARN_UNUSED_VARIABLE = YES;
				IPHONEOS_DEPLOYMENT_TARGET = 8.1;
				MTL_ENABLE_DEBUG_INFO = NO;
				SDKROOT = iphoneos;
				VALIDATE_PRODUCT = YES;
			};
			name = Release;
		};
		EE5DF2261A4BA3A400C36A1E /* Debug */ = {
			isa = XCBuildConfiguration;
			buildSettings = {
				ASSETCATALOG_COMPILER_APPICON_NAME = AppIcon;
				HEADER_SEARCH_PATHS = (
					"$(inherited)",
					/Applications/Xcode.app/Contents/Developer/Toolchains/XcodeDefault.xctoolchain/usr/include,
				);
				INFOPLIST_FILE = windMap/Info.plist;
				LD_RUNPATH_SEARCH_PATHS = "$(inherited) @executable_path/Frameworks";
				LIBRARY_SEARCH_PATHS = (
					"$(inherited)",
					"\"$(PROJECT_DIR)/ThirdLibs/BaiduMap_IOSSDK_v2.6.0_Lib/Release$(EFFECTIVE_PLATFORM_NAME)\"",
					"$(PROJECT_DIR)/ThirdLibs/BaiduMap_IOSSDK_v2.6.0_Lib/Release-iphonesimulator",
				);
				OTHER_LDFLAGS = "-ObjC";
				PRODUCT_NAME = "$(TARGET_NAME)";
				TARGETED_DEVICE_FAMILY = "1,2";
			};
			name = Debug;
		};
		EE5DF2271A4BA3A400C36A1E /* Release */ = {
			isa = XCBuildConfiguration;
			buildSettings = {
				ASSETCATALOG_COMPILER_APPICON_NAME = AppIcon;
				HEADER_SEARCH_PATHS = (
					"$(inherited)",
					/Applications/Xcode.app/Contents/Developer/Toolchains/XcodeDefault.xctoolchain/usr/include,
				);
				INFOPLIST_FILE = windMap/Info.plist;
				LD_RUNPATH_SEARCH_PATHS = "$(inherited) @executable_path/Frameworks";
				LIBRARY_SEARCH_PATHS = (
					"$(inherited)",
					"\"$(PROJECT_DIR)/ThirdLibs/BaiduMap_IOSSDK_v2.6.0_Lib/Release$(EFFECTIVE_PLATFORM_NAME)\"",
					"$(PROJECT_DIR)/ThirdLibs/BaiduMap_IOSSDK_v2.6.0_Lib/Release-iphonesimulator",
				);
				OTHER_LDFLAGS = "-ObjC";
				PRODUCT_NAME = "$(TARGET_NAME)";
				TARGETED_DEVICE_FAMILY = "1,2";
			};
			name = Release;
		};
		EE5DF2291A4BA3A400C36A1E /* Debug */ = {
			isa = XCBuildConfiguration;
			buildSettings = {
				BUNDLE_LOADER = "$(TEST_HOST)";
				FRAMEWORK_SEARCH_PATHS = (
					"$(SDKROOT)/Developer/Library/Frameworks",
					"$(inherited)",
				);
				GCC_PREPROCESSOR_DEFINITIONS = (
					"DEBUG=1",
					"$(inherited)",
				);
				INFOPLIST_FILE = windMapTests/Info.plist;
				LD_RUNPATH_SEARCH_PATHS = "$(inherited) @executable_path/Frameworks @loader_path/Frameworks";
				PRODUCT_NAME = "$(TARGET_NAME)";
				TEST_HOST = "$(BUILT_PRODUCTS_DIR)/windMap.app/windMap";
			};
			name = Debug;
		};
		EE5DF22A1A4BA3A400C36A1E /* Release */ = {
			isa = XCBuildConfiguration;
			buildSettings = {
				BUNDLE_LOADER = "$(TEST_HOST)";
				FRAMEWORK_SEARCH_PATHS = (
					"$(SDKROOT)/Developer/Library/Frameworks",
					"$(inherited)",
				);
				INFOPLIST_FILE = windMapTests/Info.plist;
				LD_RUNPATH_SEARCH_PATHS = "$(inherited) @executable_path/Frameworks @loader_path/Frameworks";
				PRODUCT_NAME = "$(TARGET_NAME)";
				TEST_HOST = "$(BUILT_PRODUCTS_DIR)/windMap.app/windMap";
			};
			name = Release;
		};
/* End XCBuildConfiguration section */

/* Begin XCConfigurationList section */
		EE5DF1FD1A4BA3A300C36A1E /* Build configuration list for PBXProject "windMap" */ = {
			isa = XCConfigurationList;
			buildConfigurations = (
				EE5DF2231A4BA3A400C36A1E /* Debug */,
				EE5DF2241A4BA3A400C36A1E /* Release */,
			);
			defaultConfigurationIsVisible = 0;
			defaultConfigurationName = Release;
		};
		EE5DF2251A4BA3A400C36A1E /* Build configuration list for PBXNativeTarget "windMap" */ = {
			isa = XCConfigurationList;
			buildConfigurations = (
				EE5DF2261A4BA3A400C36A1E /* Debug */,
				EE5DF2271A4BA3A400C36A1E /* Release */,
			);
			defaultConfigurationIsVisible = 0;
			defaultConfigurationName = Release;
		};
		EE5DF2281A4BA3A400C36A1E /* Build configuration list for PBXNativeTarget "windMapTests" */ = {
			isa = XCConfigurationList;
			buildConfigurations = (
				EE5DF2291A4BA3A400C36A1E /* Debug */,
				EE5DF22A1A4BA3A400C36A1E /* Release */,
			);
			defaultConfigurationIsVisible = 0;
			defaultConfigurationName = Release;
		};
/* End XCConfigurationList section */
	};
	rootObject = EE5DF1FA1A4BA3A300C36A1E /* Project object */;
}
